// !$*UTF8*$!
{
	archiveVersion = 1;
	classes = {
	};
	objectVersion = 46;
	objects = {

/* Begin PBXBuildFile section */
		811DC1701D06767600F2BBDB /* main.m in Sources */ = {isa = PBXBuildFile; fileRef = 811DC16F1D06767600F2BBDB /* main.m */; };
		811DC1731D06767600F2BBDB /* AppDelegate.m in Sources */ = {isa = PBXBuildFile; fileRef = 811DC1721D06767600F2BBDB /* AppDelegate.m */; };
		811DC1761D06767600F2BBDB /* ViewController.m in Sources */ = {isa = PBXBuildFile; fileRef = 811DC1751D06767600F2BBDB /* ViewController.m */; };
		811DC1791D06767600F2BBDB /* Main.storyboard in Resources */ = {isa = PBXBuildFile; fileRef = 811DC1771D06767600F2BBDB /* Main.storyboard */; };
		811DC17B1D06767600F2BBDB /* Assets.xcassets in Resources */ = {isa = PBXBuildFile; fileRef = 811DC17A1D06767600F2BBDB /* Assets.xcassets */; };
		811DC17E1D06767600F2BBDB /* LaunchScreen.storyboard in Resources */ = {isa = PBXBuildFile; fileRef = 811DC17C1D06767600F2BBDB /* LaunchScreen.storyboard */; };
		811DC1961D06781800F2BBDB /* EGORefreshTableHeaderView.m in Sources */ = {isa = PBXBuildFile; fileRef = 811DC18B1D06781800F2BBDB /* EGORefreshTableHeaderView.m */; settings = {COMPILER_FLAGS = "-fno-objc-arc"; }; };
		811DC1971D06781800F2BBDB /* blackArrow.png in Resources */ = {isa = PBXBuildFile; fileRef = 811DC18D1D06781800F2BBDB /* blackArrow.png */; };
		811DC1981D06781800F2BBDB /* blackArrow@2x.png in Resources */ = {isa = PBXBuildFile; fileRef = 811DC18E1D06781800F2BBDB /* blackArrow@2x.png */; };
		811DC1991D06781800F2BBDB /* blueArrow.png in Resources */ = {isa = PBXBuildFile; fileRef = 811DC18F1D06781800F2BBDB /* blueArrow.png */; };
		811DC19A1D06781800F2BBDB /* blueArrow@2x.png in Resources */ = {isa = PBXBuildFile; fileRef = 811DC1901D06781800F2BBDB /* blueArrow@2x.png */; };
		811DC19B1D06781800F2BBDB /* grayArrow.png in Resources */ = {isa = PBXBuildFile; fileRef = 811DC1911D06781800F2BBDB /* grayArrow.png */; };
		811DC19C1D06781800F2BBDB /* grayArrow@2x.png in Resources */ = {isa = PBXBuildFile; fileRef = 811DC1921D06781800F2BBDB /* grayArrow@2x.png */; };
		811DC19D1D06781800F2BBDB /* whiteArrow.png in Resources */ = {isa = PBXBuildFile; fileRef = 811DC1931D06781800F2BBDB /* whiteArrow.png */; };
		811DC19E1D06781800F2BBDB /* whiteArrow@2x.png in Resources */ = {isa = PBXBuildFile; fileRef = 811DC1941D06781800F2BBDB /* whiteArrow@2x.png */; };
		811DC19F1D06781800F2BBDB /* README in Resources */ = {isa = PBXBuildFile; fileRef = 811DC1951D06781800F2BBDB /* README */; };
		811DC1A21D06A74C00F2BBDB /* HBXTableViewController.m in Sources */ = {isa = PBXBuildFile; fileRef = 811DC1A11D06A74C00F2BBDB /* HBXTableViewController.m */; };
		811DC1A51D06A79200F2BBDB /* HBXTableItem.m in Sources */ = {isa = PBXBuildFile; fileRef = 811DC1A41D06A79200F2BBDB /* HBXTableItem.m */; };
/* End PBXBuildFile section */

/* Begin PBXFileReference section */
		811DC16B1D06767600F2BBDB /* HBXTeFreshTableView.app */ = {isa = PBXFileReference; explicitFileType = wrapper.application; includeInIndex = 0; path = HBXTeFreshTableView.app; sourceTree = BUILT_PRODUCTS_DIR; };
		811DC16F1D06767600F2BBDB /* main.m */ = {isa = PBXFileReference; lastKnownFileType = sourcecode.c.objc; path = main.m; sourceTree = "<group>"; };
		811DC1711D06767600F2BBDB /* AppDelegate.h */ = {isa = PBXFileReference; lastKnownFileType = sourcecode.c.h; path = AppDelegate.h; sourceTree = "<group>"; };
		811DC1721D06767600F2BBDB /* AppDelegate.m */ = {isa = PBXFileReference; lastKnownFileType = sourcecode.c.objc; path = AppDelegate.m; sourceTree = "<group>"; };
		811DC1741D06767600F2BBDB /* ViewController.h */ = {isa = PBXFileReference; lastKnownFileType = sourcecode.c.h; path = ViewController.h; sourceTree = "<group>"; };
		811DC1751D06767600F2BBDB /* ViewController.m */ = {isa = PBXFileReference; lastKnownFileType = sourcecode.c.objc; path = ViewController.m; sourceTree = "<group>"; };
		811DC1781D06767600F2BBDB /* Base */ = {isa = PBXFileReference; lastKnownFileType = file.storyboard; name = Base; path = Base.lproj/Main.storyboard; sourceTree = "<group>"; };
		811DC17A1D06767600F2BBDB /* Assets.xcassets */ = {isa = PBXFileReference; lastKnownFileType = folder.assetcatalog; path = Assets.xcassets; sourceTree = "<group>"; };
		811DC17D1D06767600F2BBDB /* Base */ = {isa = PBXFileReference; lastKnownFileType = file.storyboard; name = Base; path = Base.lproj/LaunchScreen.storyboard; sourceTree = "<group>"; };
		811DC17F1D06767600F2BBDB /* Info.plist */ = {isa = PBXFileReference; lastKnownFileType = text.plist.xml; path = Info.plist; sourceTree = "<group>"; };
		811DC18A1D06781800F2BBDB /* EGORefreshTableHeaderView.h */ = {isa = PBXFileReference; fileEncoding = 4; lastKnownFileType = sourcecode.c.h; path = EGORefreshTableHeaderView.h; sourceTree = "<group>"; };
		811DC18B1D06781800F2BBDB /* EGORefreshTableHeaderView.m */ = {isa = PBXFileReference; fileEncoding = 4; lastKnownFileType = sourcecode.c.objc; path = EGORefreshTableHeaderView.m; sourceTree = "<group>"; };
		811DC18D1D06781800F2BBDB /* blackArrow.png */ = {isa = PBXFileReference; lastKnownFileType = image.png; path = blackArrow.png; sourceTree = "<group>"; };
		811DC18E1D06781800F2BBDB /* blackArrow@2x.png */ = {isa = PBXFileReference; lastKnownFileType = image.png; path = "blackArrow@2x.png"; sourceTree = "<group>"; };
		811DC18F1D06781800F2BBDB /* blueArrow.png */ = {isa = PBXFileReference; lastKnownFileType = image.png; path = blueArrow.png; sourceTree = "<group>"; };
		811DC1901D06781800F2BBDB /* blueArrow@2x.png */ = {isa = PBXFileReference; lastKnownFileType = image.png; path = "blueArrow@2x.png"; sourceTree = "<group>"; };
		811DC1911D06781800F2BBDB /* grayArrow.png */ = {isa = PBXFileReference; lastKnownFileType = image.png; path = grayArrow.png; sourceTree = "<group>"; };
		811DC1921D06781800F2BBDB /* grayArrow@2x.png */ = {isa = PBXFileReference; lastKnownFileType = image.png; path = "grayArrow@2x.png"; sourceTree = "<group>"; };
		811DC1931D06781800F2BBDB /* whiteArrow.png */ = {isa = PBXFileReference; lastKnownFileType = image.png; path = whiteArrow.png; sourceTree = "<group>"; };
		811DC1941D06781800F2BBDB /* whiteArrow@2x.png */ = {isa = PBXFileReference; lastKnownFileType = image.png; path = "whiteArrow@2x.png"; sourceTree = "<group>"; };
		811DC1951D06781800F2BBDB /* README */ = {isa = PBXFileReference; fileEncoding = 4; lastKnownFileType = text; path = README; sourceTree = "<group>"; };
		811DC1A01D06A74C00F2BBDB /* HBXTableViewController.h */ = {isa = PBXFileReference; fileEncoding = 4; lastKnownFileType = sourcecode.c.h; path = HBXTableViewController.h; sourceTree = "<group>"; };
		811DC1A11D06A74C00F2BBDB /* HBXTableViewController.m */ = {isa = PBXFileReference; fileEncoding = 4; lastKnownFileType = sourcecode.c.objc; path = HBXTableViewController.m; sourceTree = "<group>"; };
		811DC1A31D06A79200F2BBDB /* HBXTableItem.h */ = {isa = PBXFileReference; fileEncoding = 4; lastKnownFileType = sourcecode.c.h; path = HBXTableItem.h; sourceTree = "<group>"; };
		811DC1A41D06A79200F2BBDB /* HBXTableItem.m */ = {isa = PBXFileReference; fileEncoding = 4; lastKnownFileType = sourcecode.c.objc; path = HBXTableItem.m; sourceTree = "<group>"; };
/* End PBXFileReference section */

/* Begin PBXFrameworksBuildPhase section */
		811DC1681D06767600F2BBDB /* Frameworks */ = {
			isa = PBXFrameworksBuildPhase;
			buildActionMask = 2147483647;
			files = (
			);
			runOnlyForDeploymentPostprocessing = 0;
		};
/* End PBXFrameworksBuildPhase section */

/* Begin PBXGroup section */
		811DC1621D06767600F2BBDB = {
			isa = PBXGroup;
			children = (
				811DC16D1D06767600F2BBDB /* HBXTeFreshTableView */,
				811DC16C1D06767600F2BBDB /* Products */,
			);
			sourceTree = "<group>";
		};
		811DC16C1D06767600F2BBDB /* Products */ = {
			isa = PBXGroup;
			children = (
				811DC16B1D06767600F2BBDB /* HBXTeFreshTableView.app */,
			);
			name = Products;
			sourceTree = "<group>";
		};
		811DC16D1D06767600F2BBDB /* HBXTeFreshTableView */ = {
			isa = PBXGroup;
			children = (
				811DC1861D06781800F2BBDB /* EGOTableViewPullRefresh */,
				811DC1851D06772800F2BBDB /* RefreshTableView */,
				811DC1711D06767600F2BBDB /* AppDelegate.h */,
				811DC1721D06767600F2BBDB /* AppDelegate.m */,
				811DC1741D06767600F2BBDB /* ViewController.h */,
				811DC1751D06767600F2BBDB /* ViewController.m */,
				811DC1771D06767600F2BBDB /* Main.storyboard */,
				811DC17A1D06767600F2BBDB /* Assets.xcassets */,
				811DC17C1D06767600F2BBDB /* LaunchScreen.storyboard */,
				811DC17F1D06767600F2BBDB /* Info.plist */,
				811DC16E1D06767600F2BBDB /* Supporting Files */,
			);
			path = HBXTeFreshTableView;
			sourceTree = "<group>";
		};
		811DC16E1D06767600F2BBDB /* Supporting Files */ = {
			isa = PBXGroup;
			children = (
				811DC16F1D06767600F2BBDB /* main.m */,
			);
			name = "Supporting Files";
			sourceTree = "<group>";
		};
		811DC1851D06772800F2BBDB /* RefreshTableView */ = {
			isa = PBXGroup;
			children = (
				811DC1A01D06A74C00F2BBDB /* HBXTableViewController.h */,
				811DC1A11D06A74C00F2BBDB /* HBXTableViewController.m */,
				811DC1A31D06A79200F2BBDB /* HBXTableItem.h */,
				811DC1A41D06A79200F2BBDB /* HBXTableItem.m */,
			);
			path = RefreshTableView;
			sourceTree = "<group>";
		};
		811DC1861D06781800F2BBDB /* EGOTableViewPullRefresh */ = {
			isa = PBXGroup;
			children = (
				811DC1871D06781800F2BBDB /* EGOTableViewPullRefresh */,
				811DC1951D06781800F2BBDB /* README */,
			);
			path = EGOTableViewPullRefresh;
			sourceTree = "<group>";
		};
		811DC1871D06781800F2BBDB /* EGOTableViewPullRefresh */ = {
			isa = PBXGroup;
			children = (
				811DC1881D06781800F2BBDB /* Classes */,
				811DC18C1D06781800F2BBDB /* Resources */,
			);
			path = EGOTableViewPullRefresh;
			sourceTree = "<group>";
		};
		811DC1881D06781800F2BBDB /* Classes */ = {
			isa = PBXGroup;
			children = (
				811DC1891D06781800F2BBDB /* View */,
			);
			path = Classes;
			sourceTree = "<group>";
		};
		811DC1891D06781800F2BBDB /* View */ = {
			isa = PBXGroup;
			children = (
				811DC18A1D06781800F2BBDB /* EGORefreshTableHeaderView.h */,
				811DC18B1D06781800F2BBDB /* EGORefreshTableHeaderView.m */,
			);
			path = View;
			sourceTree = "<group>";
		};
		811DC18C1D06781800F2BBDB /* Resources */ = {
			isa = PBXGroup;
			children = (
				811DC18D1D06781800F2BBDB /* blackArrow.png */,
				811DC18E1D06781800F2BBDB /* blackArrow@2x.png */,
				811DC18F1D06781800F2BBDB /* blueArrow.png */,
				811DC1901D06781800F2BBDB /* blueArrow@2x.png */,
				811DC1911D06781800F2BBDB /* grayArrow.png */,
				811DC1921D06781800F2BBDB /* grayArrow@2x.png */,
				811DC1931D06781800F2BBDB /* whiteArrow.png */,
				811DC1941D06781800F2BBDB /* whiteArrow@2x.png */,
			);
			path = Resources;
			sourceTree = "<group>";
		};
/* End PBXGroup section */

/* Begin PBXNativeTarget section */
		811DC16A1D06767600F2BBDB /* HBXTeFreshTableView */ = {
			isa = PBXNativeTarget;
			buildConfigurationList = 811DC1821D06767600F2BBDB /* Build configuration list for PBXNativeTarget "HBXTeFreshTableView" */;
			buildPhases = (
				811DC1671D06767600F2BBDB /* Sources */,
				811DC1681D06767600F2BBDB /* Frameworks */,
				811DC1691D06767600F2BBDB /* Resources */,
			);
			buildRules = (
			);
			dependencies = (
			);
			name = HBXTeFreshTableView;
			productName = HBXTeFreshTableView;
			productReference = 811DC16B1D06767600F2BBDB /* HBXTeFreshTableView.app */;
			productType = "com.apple.product-type.application";
		};
/* End PBXNativeTarget section */

/* Begin PBXProject section */
		811DC1631D06767600F2BBDB /* Project object */ = {
			isa = PBXProject;
			attributes = {
				LastUpgradeCheck = 0730;
				ORGANIZATIONNAME = "黄保贤";
				TargetAttributes = {
					811DC16A1D06767600F2BBDB = {
						CreatedOnToolsVersion = 7.3;
					};
				};
			};
			buildConfigurationList = 811DC1661D06767600F2BBDB /* Build configuration list for PBXProject "HBXTeFreshTableView" */;
			compatibilityVersion = "Xcode 3.2";
			developmentRegion = English;
			hasScannedForEncodings = 0;
			knownRegions = (
				en,
				Base,
			);
			mainGroup = 811DC1621D06767600F2BBDB;
			productRefGroup = 811DC16C1D06767600F2BBDB /* Products */;
			projectDirPath = "";
			projectRoot = "";
			targets = (
				811DC16A1D06767600F2BBDB /* HBXTeFreshTableView */,
			);
		};
/* End PBXProject section */

/* Begin PBXResourcesBuildPhase section */
		811DC1691D06767600F2BBDB /* Resources */ = {
			isa = PBXResourcesBuildPhase;
			buildActionMask = 2147483647;
			files = (
				811DC19F1D06781800F2BBDB /* README in Resources */,
				811DC17E1D06767600F2BBDB /* LaunchScreen.storyboard in Resources */,
				811DC1971D06781800F2BBDB /* blackArrow.png in Resources */,
				811DC17B1D06767600F2BBDB /* Assets.xcassets in Resources */,
				811DC19E1D06781800F2BBDB /* whiteArrow@2x.png in Resources */,
				811DC19C1D06781800F2BBDB /* grayArrow@2x.png in Resources */,
				811DC19A1D06781800F2BBDB /* blueArrow@2x.png in Resources */,
				811DC1991D06781800F2BBDB /* blueArrow.png in Resources */,
				811DC1981D06781800F2BBDB /* blackArrow@2x.png in Resources */,
				811DC19D1D06781800F2BBDB /* whiteArrow.png in Resources */,
				811DC19B1D06781800F2BBDB /* grayArrow.png in Resources */,
				811DC1791D06767600F2BBDB /* Main.storyboard in Resources */,
			);
			runOnlyForDeploymentPostprocessing = 0;
		};
/* End PBXResourcesBuildPhase section */

/* Begin PBXSourcesBuildPhase section */
		811DC1671D06767600F2BBDB /* Sources */ = {
			isa = PBXSourcesBuildPhase;
			buildActionMask = 2147483647;
			files = (
				811DC1A51D06A79200F2BBDB /* HBXTableItem.m in Sources */,
				811DC1961D06781800F2BBDB /* EGORefreshTableHeaderView.m in Sources */,
				811DC1761D06767600F2BBDB /* ViewController.m in Sources */,
				811DC1731D06767600F2BBDB /* AppDelegate.m in Sources */,
				811DC1701D06767600F2BBDB /* main.m in Sources */,
				811DC1A21D06A74C00F2BBDB /* HBXTableViewController.m in Sources */,
			);
			runOnlyForDeploymentPostprocessing = 0;
		};
/* End PBXSourcesBuildPhase section */

/* Begin PBXVariantGroup section */
		811DC1771D06767600F2BBDB /* Main.storyboard */ = {
			isa = PBXVariantGroup;
			children = (
				811DC1781D06767600F2BBDB /* Base */,
			);
			name = Main.storyboard;
			sourceTree = "<group>";
		};
		811DC17C1D06767600F2BBDB /* LaunchScreen.storyboard */ = {
			isa = PBXVariantGroup;
			children = (
				811DC17D1D06767600F2BBDB /* Base */,
			);
			name = LaunchScreen.storyboard;
			sourceTree = "<group>";
		};
/* End PBXVariantGroup section */

/* Begin XCBuildConfiguration section */
		811DC1801D06767600F2BBDB /* Debug */ = {
			isa = XCBuildConfiguration;
			buildSettings = {
				ALWAYS_SEARCH_USER_PATHS = NO;
				CLANG_ANALYZER_NONNULL = YES;
				CLANG_CXX_LANGUAGE_STANDARD = "gnu++0x";
				CLANG_CXX_LIBRARY = "libc++";
				CLANG_ENABLE_MODULES = YES;
				CLANG_ENABLE_OBJC_ARC = YES;
				CLANG_WARN_BOOL_CONVERSION = YES;
				CLANG_WARN_CONSTANT_CONVERSION = YES;
				CLANG_WARN_DIRECT_OBJC_ISA_USAGE = YES_ERROR;
				CLANG_WARN_EMPTY_BODY = YES;
				CLANG_WARN_ENUM_CONVERSION = YES;
				CLANG_WARN_INT_CONVERSION = YES;
				CLANG_WARN_OBJC_ROOT_CLASS = YES_ERROR;
				CLANG_WARN_UNREACHABLE_CODE = YES;
				CLANG_WARN__DUPLICATE_METHOD_MATCH = YES;
				"CODE_SIGN_IDENTITY[sdk=iphoneos*]" = "iPhone Developer";
				COPY_PHASE_STRIP = NO;
				DEBUG_INFORMATION_FORMAT = dwarf;
				ENABLE_STRICT_OBJC_MSGSEND = YES;
				ENABLE_TESTABILITY = YES;
				GCC_C_LANGUAGE_STANDARD = gnu99;
				GCC_DYNAMIC_NO_PIC = NO;
				GCC_NO_COMMON_BLOCKS = YES;
				GCC_OPTIMIZATION_LEVEL = 0;
				GCC_PREPROCESSOR_DEFINITIONS = (
					"DEBUG=1",
					"$(inherited)",
				);
				GCC_WARN_64_TO_32_BIT_CONVERSION = YES;
				GCC_WARN_ABOUT_RETURN_TYPE = YES_ERROR;
				GCC_WARN_UNDECLARED_SELECTOR = YES;
				GCC_WARN_UNINITIALIZED_AUTOS = YES_AGGRESSIVE;
				GCC_WARN_UNUSED_FUNCTION = YES;
				GCC_WARN_UNUSED_VARIABLE = YES;
				IPHONEOS_DEPLOYMENT_TARGET = 9.3;
				MTL_ENABLE_DEBUG_INFO = YES;
				ONLY_ACTIVE_ARCH = YES;
				SDKROOT = iphoneos;
			};
			name = Debug;
		};
		811DC1811D06767600F2BBDB /* Release */ = {
			isa = XCBuildConfiguration;
			buildSettings = {
				ALWAYS_SEARCH_USER_PATHS = NO;
				CLANG_ANALYZER_NONNULL = YES;
				CLANG_CXX_LANGUAGE_STANDARD = "gnu++0x";
				CLANG_CXX_LIBRARY = "libc++";
				CLANG_ENABLE_MODULES = YES;
				CLANG_ENABLE_OBJC_ARC = YES;
				CLANG_WARN_BOOL_CONVERSION = YES;
				CLANG_WARN_CONSTANT_CONVERSION = YES;
				CLANG_WARN_DIRECT_OBJC_ISA_USAGE = YES_ERROR;
				CLANG_WARN_EMPTY_BODY = YES;
				CLANG_WARN_ENUM_CONVERSION = YES;
				CLANG_WARN_INT_CONVERSION = YES;
				CLANG_WARN_OBJC_ROOT_CLASS = YES_ERROR;
				CLANG_WARN_UNREACHABLE_CODE = YES;
				CLANG_WARN__DUPLICATE_METHOD_MATCH = YES;
				"CODE_SIGN_IDENTITY[sdk=iphoneos*]" = "iPhone Developer";
				COPY_PHASE_STRIP = NO;
				DEBUG_INFORMATION_FORMAT = "dwarf-with-dsym";
				ENABLE_NS_ASSERTIONS = NO;
				ENABLE_STRICT_OBJC_MSGSEND = YES;
				GCC_C_LANGUAGE_STANDARD = gnu99;
				GCC_NO_COMMON_BLOCKS = YES;
				GCC_WARN_64_TO_32_BIT_CONVERSION = YES;
				GCC_WARN_ABOUT_RETURN_TYPE = YES_ERROR;
				GCC_WARN_UNDECLARED_SELECTOR = YES;
				GCC_WARN_UNINITIALIZED_AUTOS = YES_AGGRESSIVE;
				GCC_WARN_UNUSED_FUNCTION = YES;
				GCC_WARN_UNUSED_VARIABLE = YES;
				IPHONEOS_DEPLOYMENT_TARGET = 9.3;
				MTL_ENABLE_DEBUG_INFO = NO;
				SDKROOT = iphoneos;
				VALIDATE_PRODUCT = YES;
			};
			name = Release;
		};
		811DC1831D06767600F2BBDB /* Debug */ = {
			isa = XCBuildConfiguration;
			buildSettings = {
				ASSETCATALOG_COMPILER_APPICON_NAME = AppIcon;
				INFOPLIST_FILE = HBXTeFreshTableView/Info.plist;
				LD_RUNPATH_SEARCH_PATHS = "$(inherited) @executable_path/Frameworks";
				PRODUCT_BUNDLE_IDENTIFIER = com.compamy.HBXTeFreshTableView;
				PRODUCT_NAME = "$(TARGET_NAME)";
			};
			name = Debug;
		};
		811DC1841D06767600F2BBDB /* Release */ = {
			isa = XCBuildConfiguration;
			buildSettings = {
				ASSETCATALOG_COMPILER_APPICON_NAME = AppIcon;
				INFOPLIST_FILE = HBXTeFreshTableView/Info.plist;
				LD_RUNPATH_SEARCH_PATHS = "$(inherited) @executable_path/Frameworks";
				PRODUCT_BUNDLE_IDENTIFIER = com.compamy.HBXTeFreshTableView;
				PRODUCT_NAME = "$(TARGET_NAME)";
			};
			name = Release;
		};
/* End XCBuildConfiguration section */

/* Begin XCConfigurationList section */
		811DC1661D06767600F2BBDB /* Build configuration list for PBXProject "HBXTeFreshTableView" */ = {
			isa = XCConfigurationList;
			buildConfigurations = (
				811DC1801D06767600F2BBDB /* Debug */,
				811DC1811D06767600F2BBDB /* Release */,
			);
			defaultConfigurationIsVisible = 0;
			defaultConfigurationName = Release;
		};
		811DC1821D06767600F2BBDB /* Build configuration list for PBXNativeTarget "HBXTeFreshTableView" */ = {
			isa = XCConfigurationList;
			buildConfigurations = (
				811DC1831D06767600F2BBDB /* Debug */,
				811DC1841D06767600F2BBDB /* Release */,
			);
			defaultConfigurationIsVisible = 0;
		};
/* End XCConfigurationList section */
	};
	rootObject = 811DC1631D06767600F2BBDB /* Project object */;
}
